
Microsoft Visual Studio Solution File, Format Version 12.00
# Visual Studio Version 17
VisualStudioVersion = 17.0.31903.59
MinimumVisualStudioVersion = 10.0.40219.1
Project("{9A19103F-16F7-4668-BE54-9A1E7A4F7556}") = "Collections", "Collections\Collections.csproj", "{B7AAA249-9B45-4FF6-BEBC-E00394006251}"
EndProject
Project("{9A19103F-16F7-4668-BE54-9A1E7A4F7556}") = "Introduction", "Introduction\Introduction.csproj", "{2390595A-B8BD-4AC3-9B66-C46263E8B18D}"
EndProject
Project("{9A19103F-16F7-4668-BE54-9A1E7A4F7556}") = "AsynchronousProgramming", "AsynchronousProgramming\AsynchronousProgramming.csproj", "{A8A86B52-B2B0-4FBA-BE93-0F3B9D7DED28}"
EndProject
Project("{9A19103F-16F7-4668-BE54-9A1E7A4F7556}") = "HttpClient", "HttpClient\HttpClient.csproj", "{8F8DF6AA-C953-48E5-99EE-7C009D8A6C56}"
EndProject
Project("{9A19103F-16F7-4668-BE54-9A1E7A4F7556}") = "Conversions", "Conversions\Conversions.csproj", "{EEDD7D6E-E1C6-4C9B-92A0-E207672DD933}"
EndProject
Project("{9A19103F-16F7-4668-BE54-9A1E7A4F7556}") = "SOLID", "SOLID\SOLID.csproj", "{FDDBBCB0-B8EE-481F-947A-248ADE08D810}"
EndProject
Project("{9A19103F-16F7-4668-BE54-9A1E7A4F7556}") = "DesignPatterns", "DesignPatterns\DesignPatterns.csproj", "{654DEEC5-16C1-4D5B-9C15-22C632009A37}"
EndProject
Project("{9A19103F-16F7-4668-BE54-9A1E7A4F7556}") = "Parse", "Parse\Parse.csproj", "{569D1F04-B322-41DA-A61B-1F2A44B886C1}"
EndProject
Project("{FAE04EC0-301F-11D3-BF4B-00C04F79EFBC}") = "DIWebApp", "DIWebApp\DIWebApp.csproj", "{A3129B08-70AB-43A1-87F6-09AE882D9208}"
EndProject
Project("{FAE04EC0-301F-11D3-BF4B-00C04F79EFBC}") = "Delegates", "Delegates\Delegates.csproj", "{2724ECDC-7E74-4D9C-BB5B-88D20C292EA8}"
EndProject
Project("{FAE04EC0-301F-11D3-BF4B-00C04F79EFBC}") = "Func", "Func\Func.csproj", "{0D6073CE-3AD8-4990-9B32-8E329C67A52A}"
EndProject
Project("{FAE04EC0-301F-11D3-BF4B-00C04F79EFBC}") = "LambdaExpressions", "LambdaExpressions\LambdaExpressions.csproj", "{AFFAD512-4CC5-401E-845A-3C51D362C48B}"
EndProject
Global
	GlobalSection(SolutionConfigurationPlatforms) = preSolution
		Debug|Any CPU = Debug|Any CPU
		Release|Any CPU = Release|Any CPU
	EndGlobalSection
	GlobalSection(ProjectConfigurationPlatforms) = postSolution
		{B7AAA249-9B45-4FF6-BEBC-E00394006251}.Debug|Any CPU.ActiveCfg = Debug|Any CPU
		{B7AAA249-9B45-4FF6-BEBC-E00394006251}.Debug|Any CPU.Build.0 = Debug|Any CPU
		{B7AAA249-9B45-4FF6-BEBC-E00394006251}.Release|Any CPU.ActiveCfg = Release|Any CPU
		{B7AAA249-9B45-4FF6-BEBC-E00394006251}.Release|Any CPU.Build.0 = Release|Any CPU
		{2390595A-B8BD-4AC3-9B66-C46263E8B18D}.Debug|Any CPU.ActiveCfg = Debug|Any CPU
		{2390595A-B8BD-4AC3-9B66-C46263E8B18D}.Debug|Any CPU.Build.0 = Debug|Any CPU
		{2390595A-B8BD-4AC3-9B66-C46263E8B18D}.Release|Any CPU.ActiveCfg = Release|Any CPU
		{2390595A-B8BD-4AC3-9B66-C46263E8B18D}.Release|Any CPU.Build.0 = Release|Any CPU
		{A8A86B52-B2B0-4FBA-BE93-0F3B9D7DED28}.Debug|Any CPU.ActiveCfg = Debug|Any CPU
		{A8A86B52-B2B0-4FBA-BE93-0F3B9D7DED28}.Debug|Any CPU.Build.0 = Debug|Any CPU
		{A8A86B52-B2B0-4FBA-BE93-0F3B9D7DED28}.Release|Any CPU.ActiveCfg = Release|Any CPU
		{A8A86B52-B2B0-4FBA-BE93-0F3B9D7DED28}.Release|Any CPU.Build.0 = Release|Any CPU
		{8F8DF6AA-C953-48E5-99EE-7C009D8A6C56}.Debug|Any CPU.ActiveCfg = Debug|Any CPU
		{8F8DF6AA-C953-48E5-99EE-7C009D8A6C56}.Debug|Any CPU.Build.0 = Debug|Any CPU
		{8F8DF6AA-C953-48E5-99EE-7C009D8A6C56}.Release|Any CPU.ActiveCfg = Release|Any CPU
		{8F8DF6AA-C953-48E5-99EE-7C009D8A6C56}.Release|Any CPU.Build.0 = Release|Any CPU
		{EEDD7D6E-E1C6-4C9B-92A0-E207672DD933}.Debug|Any CPU.ActiveCfg = Debug|Any CPU
		{EEDD7D6E-E1C6-4C9B-92A0-E207672DD933}.Debug|Any CPU.Build.0 = Debug|Any CPU
		{EEDD7D6E-E1C6-4C9B-92A0-E207672DD933}.Release|Any CPU.ActiveCfg = Release|Any CPU
		{EEDD7D6E-E1C6-4C9B-92A0-E207672DD933}.Release|Any CPU.Build.0 = Release|Any CPU
		{FDDBBCB0-B8EE-481F-947A-248ADE08D810}.Debug|Any CPU.ActiveCfg = Debug|Any CPU
		{FDDBBCB0-B8EE-481F-947A-248ADE08D810}.Debug|Any CPU.Build.0 = Debug|Any CPU
		{FDDBBCB0-B8EE-481F-947A-248ADE08D810}.Release|Any CPU.ActiveCfg = Release|Any CPU
		{FDDBBCB0-B8EE-481F-947A-248ADE08D810}.Release|Any CPU.Build.0 = Release|Any CPU
		{654DEEC5-16C1-4D5B-9C15-22C632009A37}.Debug|Any CPU.ActiveCfg = Debug|Any CPU
		{654DEEC5-16C1-4D5B-9C15-22C632009A37}.Debug|Any CPU.Build.0 = Debug|Any CPU
		{654DEEC5-16C1-4D5B-9C15-22C632009A37}.Release|Any CPU.ActiveCfg = Release|Any CPU
		{654DEEC5-16C1-4D5B-9C15-22C632009A37}.Release|Any CPU.Build.0 = Release|Any CPU
		{569D1F04-B322-41DA-A61B-1F2A44B886C1}.Debug|Any CPU.ActiveCfg = Debug|Any CPU
		{569D1F04-B322-41DA-A61B-1F2A44B886C1}.Debug|Any CPU.Build.0 = Debug|Any CPU
		{569D1F04-B322-41DA-A61B-1F2A44B886C1}.Release|Any CPU.ActiveCfg = Release|Any CPU
		{569D1F04-B322-41DA-A61B-1F2A44B886C1}.Release|Any CPU.Build.0 = Release|Any CPU
		{A3129B08-70AB-43A1-87F6-09AE882D9208}.Debug|Any CPU.ActiveCfg = Debug|Any CPU
		{A3129B08-70AB-43A1-87F6-09AE882D9208}.Debug|Any CPU.Build.0 = Debug|Any CPU
		{A3129B08-70AB-43A1-87F6-09AE882D9208}.Release|Any CPU.ActiveCfg = Release|Any CPU
		{A3129B08-70AB-43A1-87F6-09AE882D9208}.Release|Any CPU.Build.0 = Release|Any CPU
		{2724ECDC-7E74-4D9C-BB5B-88D20C292EA8}.Debug|Any CPU.ActiveCfg = Debug|Any CPU
		{2724ECDC-7E74-4D9C-BB5B-88D20C292EA8}.Debug|Any CPU.Build.0 = Debug|Any CPU
		{2724ECDC-7E74-4D9C-BB5B-88D20C292EA8}.Release|Any CPU.ActiveCfg = Release|Any CPU
		{2724ECDC-7E74-4D9C-BB5B-88D20C292EA8}.Release|Any CPU.Build.0 = Release|Any CPU
		{0D6073CE-3AD8-4990-9B32-8E329C67A52A}.Debug|Any CPU.ActiveCfg = Debug|Any CPU
		{0D6073CE-3AD8-4990-9B32-8E329C67A52A}.Debug|Any CPU.Build.0 = Debug|Any CPU
		{0D6073CE-3AD8-4990-9B32-8E329C67A52A}.Release|Any CPU.ActiveCfg = Release|Any CPU
		{0D6073CE-3AD8-4990-9B32-8E329C67A52A}.Release|Any CPU.Build.0 = Release|Any CPU
		{AFFAD512-4CC5-401E-845A-3C51D362C48B}.Debug|Any CPU.ActiveCfg = Debug|Any CPU
		{AFFAD512-4CC5-401E-845A-3C51D362C48B}.Debug|Any CPU.Build.0 = Debug|Any CPU
		{AFFAD512-4CC5-401E-845A-3C51D362C48B}.Release|Any CPU.ActiveCfg = Release|Any CPU
		{AFFAD512-4CC5-401E-845A-3C51D362C48B}.Release|Any CPU.Build.0 = Release|Any CPU
	EndGlobalSection
	GlobalSection(SolutionProperties) = preSolution
		HideSolutionNode = FALSE
	EndGlobalSection
	GlobalSection(ExtensibilityGlobals) = postSolution
		SolutionGuid = {7E2346EC-AF87-4240-8C95-A0FF813AF7BA}
	EndGlobalSection
EndGlobal
