
Microsoft Visual Studio Solution File, Format Version 12.00
# Visual Studio Version 17
VisualStudioVersion = 17.0.31903.59
MinimumVisualStudioVersion = 10.0.40219.1
Project("{FAE04EC0-301F-11D3-BF4B-00C04F79EFBC}") = "Collections", "Collections\Collections.csproj", "{B7AAA249-9B45-4FF6-BEBC-E00394006251}"
EndProject
Project("{FAE04EC0-301F-11D3-BF4B-00C04F79EFBC}") = "Introduction", "Introduction\Introduction.csproj", "{2390595A-B8BD-4AC3-9B66-C46263E8B18D}"
EndProject
Global
	GlobalSection(SolutionConfigurationPlatforms) = preSolution
		Debug|Any CPU = Debug|Any CPU
		Release|Any CPU = Release|Any CPU
	EndGlobalSection
	GlobalSection(SolutionProperties) = preSolution
		HideSolutionNode = FALSE
	EndGlobalSection
	GlobalSection(ProjectConfigurationPlatforms) = postSolution
		{B7AAA249-9B45-4FF6-BEBC-E00394006251}.Debug|Any CPU.ActiveCfg = Debug|Any CPU
		{B7AAA249-9B45-4FF6-BEBC-E00394006251}.Debug|Any CPU.Build.0 = Debug|Any CPU
		{B7AAA249-9B45-4FF6-BEBC-E00394006251}.Release|Any CPU.ActiveCfg = Release|Any CPU
		{B7AAA249-9B45-4FF6-BEBC-E00394006251}.Release|Any CPU.Build.0 = Release|Any CPU
		{2390595A-B8BD-4AC3-9B66-C46263E8B18D}.Debug|Any CPU.ActiveCfg = Debug|Any CPU
		{2390595A-B8BD-4AC3-9B66-C46263E8B18D}.Debug|Any CPU.Build.0 = Debug|Any CPU
		{2390595A-B8BD-4AC3-9B66-C46263E8B18D}.Release|Any CPU.ActiveCfg = Release|Any CPU
		{2390595A-B8BD-4AC3-9B66-C46263E8B18D}.Release|Any CPU.Build.0 = Release|Any CPU
	EndGlobalSection
EndGlobal
