
Microsoft Visual Studio Solution File, Format Version 12.00
Project("{FAE04EC0-301F-11D3-BF4B-00C04F79EFBC}") = "C01_OOP", "C01_OOP\C01_OOP.csproj", "{42896C8F-70A6-4648-8B35-75F50467B8CE}"
EndProject
Project("{FAE04EC0-301F-11D3-BF4B-00C04F79EFBC}") = "C00_Fundamentals", "C00_Fundamentals\C00_Fundamentals.csproj", "{DD786318-CFE4-406D-9985-0870EA9BD9CA}"
EndProject
Project("{FAE04EC0-301F-11D3-BF4B-00C04F79EFBC}") = "C02_DDD", "C02_DDD\C02_DDD.csproj", "{DE3C70E9-89A9-4C21-9249-7A96E27ED81C}"
EndProject
Global
	GlobalSection(SolutionConfigurationPlatforms) = preSolution
		Debug|Any CPU = Debug|Any CPU
		Debug|x64 = Debug|x64
		Debug|x86 = Debug|x86
		Release|Any CPU = Release|Any CPU
		Release|x64 = Release|x64
		Release|x86 = Release|x86
	EndGlobalSection
	GlobalSection(ProjectConfigurationPlatforms) = postSolution
		{42896C8F-70A6-4648-8B35-75F50467B8CE}.Debug|Any CPU.ActiveCfg = Debug|Any CPU
		{42896C8F-70A6-4648-8B35-75F50467B8CE}.Debug|Any CPU.Build.0 = Debug|Any CPU
		{42896C8F-70A6-4648-8B35-75F50467B8CE}.Debug|x64.ActiveCfg = Debug|Any CPU
		{42896C8F-70A6-4648-8B35-75F50467B8CE}.Debug|x64.Build.0 = Debug|Any CPU
		{42896C8F-70A6-4648-8B35-75F50467B8CE}.Debug|x86.ActiveCfg = Debug|Any CPU
		{42896C8F-70A6-4648-8B35-75F50467B8CE}.Debug|x86.Build.0 = Debug|Any CPU
		{42896C8F-70A6-4648-8B35-75F50467B8CE}.Release|Any CPU.ActiveCfg = Release|Any CPU
		{42896C8F-70A6-4648-8B35-75F50467B8CE}.Release|Any CPU.Build.0 = Release|Any CPU
		{42896C8F-70A6-4648-8B35-75F50467B8CE}.Release|x64.ActiveCfg = Release|Any CPU
		{42896C8F-70A6-4648-8B35-75F50467B8CE}.Release|x64.Build.0 = Release|Any CPU
		{42896C8F-70A6-4648-8B35-75F50467B8CE}.Release|x86.ActiveCfg = Release|Any CPU
		{42896C8F-70A6-4648-8B35-75F50467B8CE}.Release|x86.Build.0 = Release|Any CPU
		{DD786318-CFE4-406D-9985-0870EA9BD9CA}.Debug|Any CPU.ActiveCfg = Debug|Any CPU
		{DD786318-CFE4-406D-9985-0870EA9BD9CA}.Debug|Any CPU.Build.0 = Debug|Any CPU
		{DD786318-CFE4-406D-9985-0870EA9BD9CA}.Debug|x64.ActiveCfg = Debug|Any CPU
		{DD786318-CFE4-406D-9985-0870EA9BD9CA}.Debug|x64.Build.0 = Debug|Any CPU
		{DD786318-CFE4-406D-9985-0870EA9BD9CA}.Debug|x86.ActiveCfg = Debug|Any CPU
		{DD786318-CFE4-406D-9985-0870EA9BD9CA}.Debug|x86.Build.0 = Debug|Any CPU
		{DD786318-CFE4-406D-9985-0870EA9BD9CA}.Release|Any CPU.ActiveCfg = Release|Any CPU
		{DD786318-CFE4-406D-9985-0870EA9BD9CA}.Release|Any CPU.Build.0 = Release|Any CPU
		{DD786318-CFE4-406D-9985-0870EA9BD9CA}.Release|x64.ActiveCfg = Release|Any CPU
		{DD786318-CFE4-406D-9985-0870EA9BD9CA}.Release|x64.Build.0 = Release|Any CPU
		{DD786318-CFE4-406D-9985-0870EA9BD9CA}.Release|x86.ActiveCfg = Release|Any CPU
		{DD786318-CFE4-406D-9985-0870EA9BD9CA}.Release|x86.Build.0 = Release|Any CPU
		{DE3C70E9-89A9-4C21-9249-7A96E27ED81C}.Debug|Any CPU.ActiveCfg = Debug|Any CPU
		{DE3C70E9-89A9-4C21-9249-7A96E27ED81C}.Debug|Any CPU.Build.0 = Debug|Any CPU
		{DE3C70E9-89A9-4C21-9249-7A96E27ED81C}.Debug|x64.ActiveCfg = Debug|Any CPU
		{DE3C70E9-89A9-4C21-9249-7A96E27ED81C}.Debug|x64.Build.0 = Debug|Any CPU
		{DE3C70E9-89A9-4C21-9249-7A96E27ED81C}.Debug|x86.ActiveCfg = Debug|Any CPU
		{DE3C70E9-89A9-4C21-9249-7A96E27ED81C}.Debug|x86.Build.0 = Debug|Any CPU
		{DE3C70E9-89A9-4C21-9249-7A96E27ED81C}.Release|Any CPU.ActiveCfg = Release|Any CPU
		{DE3C70E9-89A9-4C21-9249-7A96E27ED81C}.Release|Any CPU.Build.0 = Release|Any CPU
		{DE3C70E9-89A9-4C21-9249-7A96E27ED81C}.Release|x64.ActiveCfg = Release|Any CPU
		{DE3C70E9-89A9-4C21-9249-7A96E27ED81C}.Release|x64.Build.0 = Release|Any CPU
		{DE3C70E9-89A9-4C21-9249-7A96E27ED81C}.Release|x86.ActiveCfg = Release|Any CPU
		{DE3C70E9-89A9-4C21-9249-7A96E27ED81C}.Release|x86.Build.0 = Release|Any CPU
	EndGlobalSection
	GlobalSection(SolutionProperties) = preSolution
		HideSolutionNode = FALSE
	EndGlobalSection
EndGlobal
